{
    "_meta": {
        "hash": {
            "sha256": "d1645f834a4b516c7af9f7be5844857920402011c3fda1ba7491025723c331cc"
        },
        "requires": {},
        "sources": [
            {
                "url": "https://pypi.python.org/simple",
                "verify_ssl": true
            }
        ]
    },
    "default": {},
    "develop": {
        "-e .": "*",
        "ansicolor": {
            "version": "==0.2.4"
        },
        "chardet": {
            "version": "==3.0.4"
        },
        "mccabe": {
            "version": "==0.6.1"
        },
        "py": {
            "version": "==1.4.34"
        },
        "pycodestyle": {
            "version": "==2.3.1"
        },
        "pydocstyle": {
            "version": "==2.0.0"
        },
        "pyflakes": {
            "version": "==1.6.0"
        },
        "pylama": {
            "version": "==7.4.1"
        },
        "pytest": {
            "version": "==3.2.0"
        },
        "pytest-mock": {
            "version": "==1.6.2"
        },
        "pyyaml": {
            "version": "==3.12"
        },
        "setuptools": {
            "version": "==36.2.7"
        },
        "six": {
            "version": "==1.10.0"
        },
        "snowballstemmer": {
            "version": "==1.2.1"
        },
        "vim-vint": {
            "version": "==0.3.13"
        }
    }
}
